PODS:
  - HRSCustomErrorHandling (0.4.0)
  - OCMock (3.2.2)

DEPENDENCIES:
  - HRSCustomErrorHandling (from `../`)
  - OCMock

EXTERNAL SOURCES:
  HRSCustomErrorHandling:
    :path: ../

SPEC CHECKSUMS:
  HRSCustomErrorHandling: c4a858b80e042dc74c72c4c3faa2b551a3673d24
  OCMock: 18c9b7e67d4c2770e95bb77a9cc1ae0c91fe3835

PODFILE CHECKSUM: 9edafd6d9d84770216f19048e5eca3ebacc6fc8d

COCOAPODS: 1.4.0
